github.com/artonge/go-csv-tag/v2 v2.1.0 h1:2TJhYCOeFHPdXGe/7QIm7gfJ/7XyOL4LDr5ipMHnYpc=
github.com/artonge/go-csv-tag/v2 v2.1.0/go.mod h1:MhLKePA0uu/+2jUJ4IER31uhRV/0GsIKyrSqSRR7Mkc=
github.com/bradfitz/iter v0.0.0-20191230175014-e8f45d346db8 h1:GKTyiRCL6zVf5wWaqKnf+7Qs6GbEPfd4iMOitWzXJx8=
github.com/bradfitz/iter v0.0.0-20191230175014-e8f45d346db8/go.mod h1:spo1JLcs67NmW1aVLEgtA8Yy1elc+X8y5SRW1sFW4Og=
github.com/mattn/go-sqlite3 v1.14.16 h1:yOQRA0RpS5PFz/oikGwBEqvAWhWg5ufRz4ETLjwpU1Y=
github.com/mattn/go-sqlite3 v1.14.16/go.mod h1:2eHXhiwb8IkHr+BDWZGa96P6+rkvnG63S2DGjv9HUNg=
